
Microsoft Visual Studio Solution File, Format Version 12.00
# Visual Studio Version 16
VisualStudioVersion = 16.0.30406.217
MinimumVisualStudioVersion = 10.0.40219.1
Project("{9A19103F-16F7-4668-BE54-9A1E7A4F7556}") = "UnitTests", "UnitTests\UnitTests.csproj", "{22B85503-B590-4DDA-9DF9-D709659B342B}"
EndProject
Project("{9A19103F-16F7-4668-BE54-9A1E7A4F7556}") = "UniversalDataTransport", "UniversalDataTransport.csproj", "{24B32922-1169-46FD-90E8-18072A57D37C}"
EndProject
Global
	GlobalSection(SolutionConfigurationPlatforms) = preSolution
		Debug|Any CPU = Debug|Any CPU
		Release|Any CPU = Release|Any CPU
	EndGlobalSection
	GlobalSection(ProjectConfigurationPlatforms) = postSolution
		{22B85503-B590-4DDA-9DF9-D709659B342B}.Debug|Any CPU.ActiveCfg = Debug|Any CPU
		{22B85503-B590-4DDA-9DF9-D709659B342B}.Debug|Any CPU.Build.0 = Debug|Any CPU
		{22B85503-B590-4DDA-9DF9-D709659B342B}.Release|Any CPU.ActiveCfg = Release|Any CPU
		{22B85503-B590-4DDA-9DF9-D709659B342B}.Release|Any CPU.Build.0 = Release|Any CPU
		{24B32922-1169-46FD-90E8-18072A57D37C}.Debug|Any CPU.ActiveCfg = Debug|Any CPU
		{24B32922-1169-46FD-90E8-18072A57D37C}.Debug|Any CPU.Build.0 = Debug|Any CPU
		{24B32922-1169-46FD-90E8-18072A57D37C}.Release|Any CPU.ActiveCfg = Release|Any CPU
		{24B32922-1169-46FD-90E8-18072A57D37C}.Release|Any CPU.Build.0 = Release|Any CPU
	EndGlobalSection
	GlobalSection(SolutionProperties) = preSolution
		HideSolutionNode = FALSE
	EndGlobalSection
	GlobalSection(ExtensibilityGlobals) = postSolution
		SolutionGuid = {EAEC9CA6-10A9-4B2E-ACE0-CF5760A20553}
	EndGlobalSection
EndGlobal
